
Microsoft Visual Studio Solution File, Format Version 12.00
# Visual Studio Version 16
VisualStudioVersion = 16.0.30011.22
MinimumVisualStudioVersion = 10.0.40219.1
Project("{FAE04EC0-301F-11D3-BF4B-00C04F79EFBC}") = "PetStore.Domain", "PetStore.Domain\PetStore.Domain.csproj", "{8EEEEF3D-FC39-42D5-880A-BB8A65A8A5CF}"
EndProject
Global
	GlobalSection(SolutionConfigurationPlatforms) = preSolution
		Debug|Any CPU = Debug|Any CPU
		Release|Any CPU = Release|Any CPU
	EndGlobalSection
	GlobalSection(ProjectConfigurationPlatforms) = postSolution
		{8EEEEF3D-FC39-42D5-880A-BB8A65A8A5CF}.Debug|Any CPU.ActiveCfg = Debug|Any CPU
		{8EEEEF3D-FC39-42D5-880A-BB8A65A8A5CF}.Debug|Any CPU.Build.0 = Debug|Any CPU
		{8EEEEF3D-FC39-42D5-880A-BB8A65A8A5CF}.Release|Any CPU.ActiveCfg = Release|Any CPU
		{8EEEEF3D-FC39-42D5-880A-BB8A65A8A5CF}.Release|Any CPU.Build.0 = Release|Any CPU
	EndGlobalSection
	GlobalSection(SolutionProperties) = preSolution
		HideSolutionNode = FALSE
	EndGlobalSection
	GlobalSection(ExtensibilityGlobals) = postSolution
		SolutionGuid = {DF0426DB-1F8F-442B-A3AE-DFDCBFBE3BD3}
	EndGlobalSection
EndGlobal
